
Microsoft Visual Studio Solution File, Format Version 12.00
# Visual Studio 15
VisualStudioVersion = 15.0.28010.2019
MinimumVisualStudioVersion = 10.0.40219.1
Project("{FAE04EC0-301F-11D3-BF4B-00C04F79EFBC}") = "Paragraph_Core", "Paragraph_Core\Paragraph_Core.csproj", "{3D01B9E6-677E-4E0D-9D33-D00BFB7920A4}"
EndProject
Project("{FAE04EC0-301F-11D3-BF4B-00C04F79EFBC}") = "Paragraph_demo", "Paragraph_demo\Paragraph_demo.csproj", "{6B22AC7F-0DD2-4CFA-B23E-0B18B58688B3}"
EndProject
Global
	GlobalSection(SolutionConfigurationPlatforms) = preSolution
		Debug|Any CPU = Debug|Any CPU
		Release|Any CPU = Release|Any CPU
	EndGlobalSection
	GlobalSection(ProjectConfigurationPlatforms) = postSolution
		{3D01B9E6-677E-4E0D-9D33-D00BFB7920A4}.Debug|Any CPU.ActiveCfg = Debug|Any CPU
		{3D01B9E6-677E-4E0D-9D33-D00BFB7920A4}.Debug|Any CPU.Build.0 = Debug|Any CPU
		{3D01B9E6-677E-4E0D-9D33-D00BFB7920A4}.Release|Any CPU.ActiveCfg = Release|Any CPU
		{3D01B9E6-677E-4E0D-9D33-D00BFB7920A4}.Release|Any CPU.Build.0 = Release|Any CPU
		{6B22AC7F-0DD2-4CFA-B23E-0B18B58688B3}.Debug|Any CPU.ActiveCfg = Debug|Any CPU
		{6B22AC7F-0DD2-4CFA-B23E-0B18B58688B3}.Debug|Any CPU.Build.0 = Debug|Any CPU
		{6B22AC7F-0DD2-4CFA-B23E-0B18B58688B3}.Release|Any CPU.ActiveCfg = Release|Any CPU
		{6B22AC7F-0DD2-4CFA-B23E-0B18B58688B3}.Release|Any CPU.Build.0 = Release|Any CPU
	EndGlobalSection
	GlobalSection(SolutionProperties) = preSolution
		HideSolutionNode = FALSE
	EndGlobalSection
	GlobalSection(ExtensibilityGlobals) = postSolution
		SolutionGuid = {0F3364DB-1B79-4505-B039-43B55EE8A602}
	EndGlobalSection
EndGlobal
